
Microsoft Visual Studio Solution File, Format Version 12.00
# Visual Studio Version 17
VisualStudioVersion = 17.0.32014.148
MinimumVisualStudioVersion = 10.0.40219.1
Project("{FAE04EC0-301F-11D3-BF4B-00C04F79EFBC}") = "FileFilter", "FileFilter\FileFilter.csproj", "{DA1F3CE8-109C-439A-8A78-D16CD0540AFB}"
EndProject
Project("{FAE04EC0-301F-11D3-BF4B-00C04F79EFBC}") = "FilterSDK", "FilterSDK\FilterSDK.csproj", "{4A6DB44F-E9F6-4739-9D98-B103F0872EB2}"
EndProject
Project("{FAE04EC0-301F-11D3-BF4B-00C04F79EFBC}") = "FilterSDK.Tests", "FilterSDK.Tests\FilterSDK.Tests.csproj", "{67F8B3AE-73F7-4142-A734-5FBD66F6056D}"
EndProject
Global
	GlobalSection(SolutionConfigurationPlatforms) = preSolution
		Debug|Any CPU = Debug|Any CPU
		Release|Any CPU = Release|Any CPU
	EndGlobalSection
	GlobalSection(ProjectConfigurationPlatforms) = postSolution
		{DA1F3CE8-109C-439A-8A78-D16CD0540AFB}.Debug|Any CPU.ActiveCfg = Debug|Any CPU
		{DA1F3CE8-109C-439A-8A78-D16CD0540AFB}.Debug|Any CPU.Build.0 = Debug|Any CPU
		{DA1F3CE8-109C-439A-8A78-D16CD0540AFB}.Release|Any CPU.ActiveCfg = Release|Any CPU
		{DA1F3CE8-109C-439A-8A78-D16CD0540AFB}.Release|Any CPU.Build.0 = Release|Any CPU
		{4A6DB44F-E9F6-4739-9D98-B103F0872EB2}.Debug|Any CPU.ActiveCfg = Debug|Any CPU
		{4A6DB44F-E9F6-4739-9D98-B103F0872EB2}.Debug|Any CPU.Build.0 = Debug|Any CPU
		{4A6DB44F-E9F6-4739-9D98-B103F0872EB2}.Release|Any CPU.ActiveCfg = Release|Any CPU
		{4A6DB44F-E9F6-4739-9D98-B103F0872EB2}.Release|Any CPU.Build.0 = Release|Any CPU
		{67F8B3AE-73F7-4142-A734-5FBD66F6056D}.Debug|Any CPU.ActiveCfg = Debug|Any CPU
		{67F8B3AE-73F7-4142-A734-5FBD66F6056D}.Debug|Any CPU.Build.0 = Debug|Any CPU
		{67F8B3AE-73F7-4142-A734-5FBD66F6056D}.Release|Any CPU.ActiveCfg = Release|Any CPU
		{67F8B3AE-73F7-4142-A734-5FBD66F6056D}.Release|Any CPU.Build.0 = Release|Any CPU
	EndGlobalSection
	GlobalSection(SolutionProperties) = preSolution
		HideSolutionNode = FALSE
	EndGlobalSection
	GlobalSection(ExtensibilityGlobals) = postSolution
		SolutionGuid = {4AD615C5-9CB5-4C1D-A0FE-C2DE0A96CEBD}
	EndGlobalSection
EndGlobal
